
Microsoft Visual Studio Solution File, Format Version 12.00
# Visual Studio Version 17
VisualStudioVersion = 17.14.37216.2 d17.14
MinimumVisualStudioVersion = 10.0.40219.1
Project("{FAE04EC0-301F-11D3-BF4B-00C04F79EFBC}") = "POS.App", "POS.App\POS.App.csproj", "{C347EF1A-2BCE-4BC3-AC3F-D8924558303D}"
EndProject
Project("{FAE04EC0-301F-11D3-BF4B-00C04F79EFBC}") = "POS.Database", "POS.Database\POS.Database.csproj", "{928EA31E-3ABD-4AAF-9DAF-CD4EDE733EC9}"
EndProject
Project("{FAE04EC0-301F-11D3-BF4B-00C04F79EFBC}") = "POS.Domain", "POS.Domain\POS.Domain.csproj", "{609D4528-9A72-4A0C-B018-C70C07E3097C}"
EndProject
Project("{FAE04EC0-301F-11D3-BF4B-00C04F79EFBC}") = "POS.Shared", "POS.Shared\POS.Shared.csproj", "{3C3F9986-BA14-4088-9F06-16066755717C}"
EndProject
Global
	GlobalSection(SolutionConfigurationPlatforms) = preSolution
		Debug|Any CPU = Debug|Any CPU
		Release|Any CPU = Release|Any CPU
	EndGlobalSection
	GlobalSection(ProjectConfigurationPlatforms) = postSolution
		{C347EF1A-2BCE-4BC3-AC3F-D8924558303D}.Debug|Any CPU.ActiveCfg = Debug|Any CPU
		{C347EF1A-2BCE-4BC3-AC3F-D8924558303D}.Debug|Any CPU.Build.0 = Debug|Any CPU
		{C347EF1A-2BCE-4BC3-AC3F-D8924558303D}.Release|Any CPU.ActiveCfg = Release|Any CPU
		{C347EF1A-2BCE-4BC3-AC3F-D8924558303D}.Release|Any CPU.Build.0 = Release|Any CPU
		{928EA31E-3ABD-4AAF-9DAF-CD4EDE733EC9}.Debug|Any CPU.ActiveCfg = Debug|Any CPU
		{928EA31E-3ABD-4AAF-9DAF-CD4EDE733EC9}.Debug|Any CPU.Build.0 = Debug|Any CPU
		{928EA31E-3ABD-4AAF-9DAF-CD4EDE733EC9}.Release|Any CPU.ActiveCfg = Release|Any CPU
		{928EA31E-3ABD-4AAF-9DAF-CD4EDE733EC9}.Release|Any CPU.Build.0 = Release|Any CPU
		{609D4528-9A72-4A0C-B018-C70C07E3097C}.Debug|Any CPU.ActiveCfg = Debug|Any CPU
		{609D4528-9A72-4A0C-B018-C70C07E3097C}.Debug|Any CPU.Build.0 = Debug|Any CPU
		{609D4528-9A72-4A0C-B018-C70C07E3097C}.Release|Any CPU.ActiveCfg = Release|Any CPU
		{609D4528-9A72-4A0C-B018-C70C07E3097C}.Release|Any CPU.Build.0 = Release|Any CPU
		{3C3F9986-BA14-4088-9F06-16066755717C}.Debug|Any CPU.ActiveCfg = Debug|Any CPU
		{3C3F9986-BA14-4088-9F06-16066755717C}.Debug|Any CPU.Build.0 = Debug|Any CPU
		{3C3F9986-BA14-4088-9F06-16066755717C}.Release|Any CPU.ActiveCfg = Release|Any CPU
		{3C3F9986-BA14-4088-9F06-16066755717C}.Release|Any CPU.Build.0 = Release|Any CPU
	EndGlobalSection
	GlobalSection(SolutionProperties) = preSolution
		HideSolutionNode = FALSE
	EndGlobalSection
	GlobalSection(ExtensibilityGlobals) = postSolution
		SolutionGuid = {81F1FEEB-B831-4E09-8433-21B71E3121D1}
	EndGlobalSection
EndGlobal
